// !$*UTF8*$!
{
	archiveVersion = 1;
	classes = {
	};
	objectVersion = 56;
	objects = {

/* Begin PBXBuildFile section */
		393AF0FC2A04E8AB00F913CF /* PreviewProviderForUIView.swift in Sources */ = {isa = PBXBuildFile; fileRef = 393AF0FB2A04E8AB00F913CF /* PreviewProviderForUIView.swift */; };
		393AF0FE2A04E8C100F913CF /* PreviewProviderForUIViewController.swift in Sources */ = {isa = PBXBuildFile; fileRef = 393AF0FD2A04E8C100F913CF /* PreviewProviderForUIViewController.swift */; };
		393AF1002A04F1B600F913CF /* UIView+Extension.swift in Sources */ = {isa = PBXBuildFile; fileRef = 393AF0FF2A04F1B600F913CF /* UIView+Extension.swift */; };
		393AF1022A04F6E300F913CF /* AmountView.swift in Sources */ = {isa = PBXBuildFile; fileRef = 393AF1012A04F6E300F913CF /* AmountView.swift */; };
		393AF1042A05239100F913CF /* HeaderView.swift in Sources */ = {isa = PBXBuildFile; fileRef = 393AF1032A05239100F913CF /* HeaderView.swift */; };
		393AF1072A052F3D00F913CF /* Tip.swift in Sources */ = {isa = PBXBuildFile; fileRef = 393AF1062A052F3D00F913CF /* Tip.swift */; };
		393AF10A2A063D1800F913CF /* CalculatorVM.swift in Sources */ = {isa = PBXBuildFile; fileRef = 393AF1092A063D1800F913CF /* CalculatorVM.swift */; };
		393AF10E2A063E0F00F913CF /* result-ui.png in Resources */ = {isa = PBXBuildFile; fileRef = 393AF10D2A063E0F00F913CF /* result-ui.png */; };
		393AF1102A065EB100F913CF /* ResultTip.swift in Sources */ = {isa = PBXBuildFile; fileRef = 393AF10F2A065EB100F913CF /* ResultTip.swift */; };
		393AF1172A06722400F913CF /* String+Extension.swift in Sources */ = {isa = PBXBuildFile; fileRef = 393AF1162A06722400F913CF /* String+Extension.swift */; };
		393AF1192A07A0F100F913CF /* UIResponder+Extension.swift in Sources */ = {isa = PBXBuildFile; fileRef = 393AF1182A07A0F100F913CF /* UIResponder+Extension.swift */; };
		393AF11B2A07B24600F913CF /* Int+Extension.swift in Sources */ = {isa = PBXBuildFile; fileRef = 393AF11A2A07B24600F913CF /* Int+Extension.swift */; };
		393AF11D2A07E5AC00F913CF /* Double+Extension.swift in Sources */ = {isa = PBXBuildFile; fileRef = 393AF11C2A07E5AC00F913CF /* Double+Extension.swift */; };
		3940FE5B2A10DE9C001C9E97 /* tip_calculator_UnitTest.swift in Sources */ = {isa = PBXBuildFile; fileRef = 3940FE5A2A10DE9C001C9E97 /* tip_calculator_UnitTest.swift */; };
		3940FE632A10E29C001C9E97 /* CombineCocoa in Frameworks */ = {isa = PBXBuildFile; productRef = 3940FE622A10E29C001C9E97 /* CombineCocoa */; };
		396B236529FE5FFD009CD810 /* AppDelegate.swift in Sources */ = {isa = PBXBuildFile; fileRef = 396B236429FE5FFD009CD810 /* AppDelegate.swift */; };
		396B236729FE5FFD009CD810 /* SceneDelegate.swift in Sources */ = {isa = PBXBuildFile; fileRef = 396B236629FE5FFD009CD810 /* SceneDelegate.swift */; };
		396B236929FE5FFD009CD810 /* CalculatorVC.swift in Sources */ = {isa = PBXBuildFile; fileRef = 396B236829FE5FFD009CD810 /* CalculatorVC.swift */; };
		396B236E29FE5FFE009CD810 /* Assets.xcassets in Resources */ = {isa = PBXBuildFile; fileRef = 396B236D29FE5FFE009CD810 /* Assets.xcassets */; };
		396B237129FE5FFE009CD810 /* LaunchScreen.storyboard in Resources */ = {isa = PBXBuildFile; fileRef = 396B236F29FE5FFE009CD810 /* LaunchScreen.storyboard */; };
		396F9CD52A10ABF400F75FB3 /* DefaultAudioPlayer.swift in Sources */ = {isa = PBXBuildFile; fileRef = 396F9CD42A10ABF400F75FB3 /* DefaultAudioPlayer.swift */; };
		396F9CD82A10CCF400F75FB3 /* click.m4a in Resources */ = {isa = PBXBuildFile; fileRef = 396F9CD72A10AC0D00F75FB3 /* click.m4a */; };
		39C0866E2A10DBDE00119D7D /* CombineCocoa in Frameworks */ = {isa = PBXBuildFile; productRef = 39C0866D2A10DBDE00119D7D /* CombineCocoa */; settings = {ATTRIBUTES = (Required, ); }; };
		39F9F3472A01314E005286C4 /* SnapKit in Frameworks */ = {isa = PBXBuildFile; productRef = 39F9F3462A01314E005286C4 /* SnapKit */; };
		39F9F34A2A013817005286C4 /* LogoView.swift in Sources */ = {isa = PBXBuildFile; fileRef = 39F9F3492A013817005286C4 /* LogoView.swift */; };
		39F9F34C2A01382D005286C4 /* ResultView.swift in Sources */ = {isa = PBXBuildFile; fileRef = 39F9F34B2A01382D005286C4 /* ResultView.swift */; };
		39F9F34E2A01383D005286C4 /* BillInputView.swift in Sources */ = {isa = PBXBuildFile; fileRef = 39F9F34D2A01383D005286C4 /* BillInputView.swift */; };
		39F9F3502A013854005286C4 /* TipInputView.swift in Sources */ = {isa = PBXBuildFile; fileRef = 39F9F34F2A013854005286C4 /* TipInputView.swift */; };
		39F9F3522A013862005286C4 /* SplitInputView.swift in Sources */ = {isa = PBXBuildFile; fileRef = 39F9F3512A013862005286C4 /* SplitInputView.swift */; };
		39F9F3552A0144B0005286C4 /* AppFont.swift in Sources */ = {isa = PBXBuildFile; fileRef = 39F9F3542A0144B0005286C4 /* AppFont.swift */; };
		39F9F3572A0144FD005286C4 /* AppColor.swift in Sources */ = {isa = PBXBuildFile; fileRef = 39F9F3562A0144FD005286C4 /* AppColor.swift */; };
		39F9F35A2A01455D005286C4 /* UIColor+Extension.swift in Sources */ = {isa = PBXBuildFile; fileRef = 39F9F3592A01455D005286C4 /* UIColor+Extension.swift */; };
		39F9F35D2A0151E1005286C4 /* LabelFactory.swift in Sources */ = {isa = PBXBuildFile; fileRef = 39F9F35C2A0151E1005286C4 /* LabelFactory.swift */; };
/* End PBXBuildFile section */

/* Begin PBXContainerItemProxy section */
		3940FE5C2A10DE9C001C9E97 /* PBXContainerItemProxy */ = {
			isa = PBXContainerItemProxy;
			containerPortal = 396B235929FE5FFD009CD810 /* Project object */;
			proxyType = 1;
			remoteGlobalIDString = 396B236029FE5FFD009CD810;
			remoteInfo = "tip-calculator";
		};
/* End PBXContainerItemProxy section */

/* Begin PBXFileReference section */
		393AF0FB2A04E8AB00F913CF /* PreviewProviderForUIView.swift */ = {isa = PBXFileReference; lastKnownFileType = sourcecode.swift; path = PreviewProviderForUIView.swift; sourceTree = "<group>"; };
		393AF0FD2A04E8C100F913CF /* PreviewProviderForUIViewController.swift */ = {isa = PBXFileReference; lastKnownFileType = sourcecode.swift; path = PreviewProviderForUIViewController.swift; sourceTree = "<group>"; };
		393AF0FF2A04F1B600F913CF /* UIView+Extension.swift */ = {isa = PBXFileReference; lastKnownFileType = sourcecode.swift; path = "UIView+Extension.swift"; sourceTree = "<group>"; };
		393AF1012A04F6E300F913CF /* AmountView.swift */ = {isa = PBXFileReference; lastKnownFileType = sourcecode.swift; path = AmountView.swift; sourceTree = "<group>"; };
		393AF1032A05239100F913CF /* HeaderView.swift */ = {isa = PBXFileReference; lastKnownFileType = sourcecode.swift; path = HeaderView.swift; sourceTree = "<group>"; };
		393AF1062A052F3D00F913CF /* Tip.swift */ = {isa = PBXFileReference; lastKnownFileType = sourcecode.swift; path = Tip.swift; sourceTree = "<group>"; };
		393AF1092A063D1800F913CF /* CalculatorVM.swift */ = {isa = PBXFileReference; lastKnownFileType = sourcecode.swift; path = CalculatorVM.swift; sourceTree = "<group>"; };
		393AF10D2A063E0F00F913CF /* result-ui.png */ = {isa = PBXFileReference; lastKnownFileType = image.png; path = "result-ui.png"; sourceTree = "<group>"; };
		393AF10F2A065EB100F913CF /* ResultTip.swift */ = {isa = PBXFileReference; lastKnownFileType = sourcecode.swift; path = ResultTip.swift; sourceTree = "<group>"; };
		393AF1162A06722400F913CF /* String+Extension.swift */ = {isa = PBXFileReference; lastKnownFileType = sourcecode.swift; path = "String+Extension.swift"; sourceTree = "<group>"; };
		393AF1182A07A0F100F913CF /* UIResponder+Extension.swift */ = {isa = PBXFileReference; lastKnownFileType = sourcecode.swift; path = "UIResponder+Extension.swift"; sourceTree = "<group>"; };
		393AF11A2A07B24600F913CF /* Int+Extension.swift */ = {isa = PBXFileReference; lastKnownFileType = sourcecode.swift; path = "Int+Extension.swift"; sourceTree = "<group>"; };
		393AF11C2A07E5AC00F913CF /* Double+Extension.swift */ = {isa = PBXFileReference; lastKnownFileType = sourcecode.swift; path = "Double+Extension.swift"; sourceTree = "<group>"; };
		3940FE522A10DDB9001C9E97 /* XCTest.framework */ = {isa = PBXFileReference; lastKnownFileType = wrapper.framework; name = XCTest.framework; path = Platforms/iPhoneOS.platform/Developer/Library/Frameworks/XCTest.framework; sourceTree = DEVELOPER_DIR; };
		3940FE582A10DE9C001C9E97 /* tip-calculator-UnitTest.xctest */ = {isa = PBXFileReference; explicitFileType = wrapper.cfbundle; includeInIndex = 0; path = "tip-calculator-UnitTest.xctest"; sourceTree = BUILT_PRODUCTS_DIR; };
		3940FE5A2A10DE9C001C9E97 /* tip_calculator_UnitTest.swift */ = {isa = PBXFileReference; lastKnownFileType = sourcecode.swift; path = tip_calculator_UnitTest.swift; sourceTree = "<group>"; };
		396B236129FE5FFD009CD810 /* tip-calculator.app */ = {isa = PBXFileReference; explicitFileType = wrapper.application; includeInIndex = 0; path = "tip-calculator.app"; sourceTree = BUILT_PRODUCTS_DIR; };
		396B236429FE5FFD009CD810 /* AppDelegate.swift */ = {isa = PBXFileReference; lastKnownFileType = sourcecode.swift; path = AppDelegate.swift; sourceTree = "<group>"; };
		396B236629FE5FFD009CD810 /* SceneDelegate.swift */ = {isa = PBXFileReference; lastKnownFileType = sourcecode.swift; path = SceneDelegate.swift; sourceTree = "<group>"; };
		396B236829FE5FFD009CD810 /* CalculatorVC.swift */ = {isa = PBXFileReference; lastKnownFileType = sourcecode.swift; path = CalculatorVC.swift; sourceTree = "<group>"; };
		396B236D29FE5FFE009CD810 /* Assets.xcassets */ = {isa = PBXFileReference; lastKnownFileType = folder.assetcatalog; path = Assets.xcassets; sourceTree = "<group>"; };
		396B237029FE5FFE009CD810 /* Base */ = {isa = PBXFileReference; lastKnownFileType = file.storyboard; name = Base; path = Base.lproj/LaunchScreen.storyboard; sourceTree = "<group>"; };
		396B237229FE5FFE009CD810 /* Info.plist */ = {isa = PBXFileReference; lastKnownFileType = text.plist.xml; path = Info.plist; sourceTree = "<group>"; };
		396F9CD42A10ABF400F75FB3 /* DefaultAudioPlayer.swift */ = {isa = PBXFileReference; lastKnownFileType = sourcecode.swift; path = DefaultAudioPlayer.swift; sourceTree = "<group>"; };
		396F9CD72A10AC0D00F75FB3 /* click.m4a */ = {isa = PBXFileReference; lastKnownFileType = file; path = click.m4a; sourceTree = "<group>"; };
		39F9F3492A013817005286C4 /* LogoView.swift */ = {isa = PBXFileReference; lastKnownFileType = sourcecode.swift; path = LogoView.swift; sourceTree = "<group>"; };
		39F9F34B2A01382D005286C4 /* ResultView.swift */ = {isa = PBXFileReference; lastKnownFileType = sourcecode.swift; path = ResultView.swift; sourceTree = "<group>"; };
		39F9F34D2A01383D005286C4 /* BillInputView.swift */ = {isa = PBXFileReference; lastKnownFileType = sourcecode.swift; path = BillInputView.swift; sourceTree = "<group>"; };
		39F9F34F2A013854005286C4 /* TipInputView.swift */ = {isa = PBXFileReference; lastKnownFileType = sourcecode.swift; path = TipInputView.swift; sourceTree = "<group>"; };
		39F9F3512A013862005286C4 /* SplitInputView.swift */ = {isa = PBXFileReference; lastKnownFileType = sourcecode.swift; path = SplitInputView.swift; sourceTree = "<group>"; };
		39F9F3542A0144B0005286C4 /* AppFont.swift */ = {isa = PBXFileReference; lastKnownFileType = sourcecode.swift; path = AppFont.swift; sourceTree = "<group>"; };
		39F9F3562A0144FD005286C4 /* AppColor.swift */ = {isa = PBXFileReference; lastKnownFileType = sourcecode.swift; path = AppColor.swift; sourceTree = "<group>"; };
		39F9F3592A01455D005286C4 /* UIColor+Extension.swift */ = {isa = PBXFileReference; lastKnownFileType = sourcecode.swift; path = "UIColor+Extension.swift"; sourceTree = "<group>"; };
		39F9F35C2A0151E1005286C4 /* LabelFactory.swift */ = {isa = PBXFileReference; lastKnownFileType = sourcecode.swift; path = LabelFactory.swift; sourceTree = "<group>"; };
/* End PBXFileReference section */

/* Begin PBXFrameworksBuildPhase section */
		3940FE552A10DE9C001C9E97 /* Frameworks */ = {
			isa = PBXFrameworksBuildPhase;
			buildActionMask = 2147483647;
			files = (
				3940FE632A10E29C001C9E97 /* CombineCocoa in Frameworks */,
			);
			runOnlyForDeploymentPostprocessing = 0;
		};
		396B235E29FE5FFD009CD810 /* Frameworks */ = {
			isa = PBXFrameworksBuildPhase;
			buildActionMask = 2147483647;
			files = (
				39C0866E2A10DBDE00119D7D /* CombineCocoa in Frameworks */,
				39F9F3472A01314E005286C4 /* SnapKit in Frameworks */,
			);
			runOnlyForDeploymentPostprocessing = 0;
		};
/* End PBXFrameworksBuildPhase section */

/* Begin PBXGroup section */
		393AF0FA2A04E89600F913CF /* PreviewProvider */ = {
			isa = PBXGroup;
			children = (
				393AF0FB2A04E8AB00F913CF /* PreviewProviderForUIView.swift */,
				393AF0FD2A04E8C100F913CF /* PreviewProviderForUIViewController.swift */,
			);
			path = PreviewProvider;
			sourceTree = "<group>";
		};
		393AF1052A052F3A00F913CF /* Model */ = {
			isa = PBXGroup;
			children = (
				393AF1062A052F3D00F913CF /* Tip.swift */,
				393AF10F2A065EB100F913CF /* ResultTip.swift */,
			);
			path = Model;
			sourceTree = "<group>";
		};
		393AF1082A063D0700F913CF /* ViewModel */ = {
			isa = PBXGroup;
			children = (
				393AF1092A063D1800F913CF /* CalculatorVM.swift */,
			);
			path = ViewModel;
			sourceTree = "<group>";
		};
		393AF1142A06710900F913CF /* System */ = {
			isa = PBXGroup;
			children = (
				396B236429FE5FFD009CD810 /* AppDelegate.swift */,
				396B236629FE5FFD009CD810 /* SceneDelegate.swift */,
			);
			path = System;
			sourceTree = "<group>";
		};
		393AF1152A06711700F913CF /* Controller */ = {
			isa = PBXGroup;
			children = (
				396B236829FE5FFD009CD810 /* CalculatorVC.swift */,
			);
			path = Controller;
			sourceTree = "<group>";
		};
		3940FE592A10DE9C001C9E97 /* tip-calculator-UnitTest */ = {
			isa = PBXGroup;
			children = (
				3940FE5A2A10DE9C001C9E97 /* tip_calculator_UnitTest.swift */,
			);
			path = "tip-calculator-UnitTest";
			sourceTree = "<group>";
		};
		396B235829FE5FFD009CD810 = {
			isa = PBXGroup;
			children = (
				396B236329FE5FFD009CD810 /* tip-calculator */,
				3940FE592A10DE9C001C9E97 /* tip-calculator-UnitTest */,
				396B236229FE5FFD009CD810 /* Products */,
				39C086692A10DBAB00119D7D /* Frameworks */,
			);
			sourceTree = "<group>";
		};
		396B236229FE5FFD009CD810 /* Products */ = {
			isa = PBXGroup;
			children = (
				396B236129FE5FFD009CD810 /* tip-calculator.app */,
				3940FE582A10DE9C001C9E97 /* tip-calculator-UnitTest.xctest */,
			);
			name = Products;
			sourceTree = "<group>";
		};
		396B236329FE5FFD009CD810 /* tip-calculator */ = {
			isa = PBXGroup;
			children = (
				396F9CD62A10ABFB00F75FB3 /* Resource */,
				396F9CD32A10ABBD00F75FB3 /* Service */,
				393AF1142A06710900F913CF /* System */,
				393AF1052A052F3A00F913CF /* Model */,
				39F9F35B2A0151DB005286C4 /* Factory */,
				393AF1082A063D0700F913CF /* ViewModel */,
				393AF1152A06711700F913CF /* Controller */,
				39F9F3482A013811005286C4 /* Views */,
				39F9F3532A0144A0005286C4 /* Configs */,
				39F9F3582A014553005286C4 /* Extensions */,
				393AF0FA2A04E89600F913CF /* PreviewProvider */,
				396B236D29FE5FFE009CD810 /* Assets.xcassets */,
				393AF10D2A063E0F00F913CF /* result-ui.png */,
				396B236F29FE5FFE009CD810 /* LaunchScreen.storyboard */,
				396B237229FE5FFE009CD810 /* Info.plist */,
			);
			path = "tip-calculator";
			sourceTree = "<group>";
		};
		396F9CD32A10ABBD00F75FB3 /* Service */ = {
			isa = PBXGroup;
			children = (
				396F9CD42A10ABF400F75FB3 /* DefaultAudioPlayer.swift */,
			);
			path = Service;
			sourceTree = "<group>";
		};
		396F9CD62A10ABFB00F75FB3 /* Resource */ = {
			isa = PBXGroup;
			children = (
				396F9CD72A10AC0D00F75FB3 /* click.m4a */,
			);
			path = Resource;
			sourceTree = "<group>";
		};
		39C086692A10DBAB00119D7D /* Frameworks */ = {
			isa = PBXGroup;
			children = (
				3940FE522A10DDB9001C9E97 /* XCTest.framework */,
			);
			name = Frameworks;
			sourceTree = "<group>";
		};
		39F9F3482A013811005286C4 /* Views */ = {
			isa = PBXGroup;
			children = (
				39F9F3492A013817005286C4 /* LogoView.swift */,
				39F9F34B2A01382D005286C4 /* ResultView.swift */,
				39F9F34D2A01383D005286C4 /* BillInputView.swift */,
				39F9F34F2A013854005286C4 /* TipInputView.swift */,
				39F9F3512A013862005286C4 /* SplitInputView.swift */,
				393AF1012A04F6E300F913CF /* AmountView.swift */,
				393AF1032A05239100F913CF /* HeaderView.swift */,
			);
			path = Views;
			sourceTree = "<group>";
		};
		39F9F3532A0144A0005286C4 /* Configs */ = {
			isa = PBXGroup;
			children = (
				39F9F3542A0144B0005286C4 /* AppFont.swift */,
				39F9F3562A0144FD005286C4 /* AppColor.swift */,
			);
			path = Configs;
			sourceTree = "<group>";
		};
		39F9F3582A014553005286C4 /* Extensions */ = {
			isa = PBXGroup;
			children = (
				39F9F3592A01455D005286C4 /* UIColor+Extension.swift */,
				393AF0FF2A04F1B600F913CF /* UIView+Extension.swift */,
				393AF1162A06722400F913CF /* String+Extension.swift */,
				393AF1182A07A0F100F913CF /* UIResponder+Extension.swift */,
				393AF11A2A07B24600F913CF /* Int+Extension.swift */,
				393AF11C2A07E5AC00F913CF /* Double+Extension.swift */,
			);
			path = Extensions;
			sourceTree = "<group>";
		};
		39F9F35B2A0151DB005286C4 /* Factory */ = {
			isa = PBXGroup;
			children = (
				39F9F35C2A0151E1005286C4 /* LabelFactory.swift */,
			);
			path = Factory;
			sourceTree = "<group>";
		};
/* End PBXGroup section */

/* Begin PBXNativeTarget section */
		3940FE572A10DE9C001C9E97 /* tip-calculator-UnitTest */ = {
			isa = PBXNativeTarget;
			buildConfigurationList = 3940FE5E2A10DE9C001C9E97 /* Build configuration list for PBXNativeTarget "tip-calculator-UnitTest" */;
			buildPhases = (
				3940FE542A10DE9C001C9E97 /* Sources */,
				3940FE552A10DE9C001C9E97 /* Frameworks */,
				3940FE562A10DE9C001C9E97 /* Resources */,
			);
			buildRules = (
			);
			dependencies = (
				3940FE5D2A10DE9C001C9E97 /* PBXTargetDependency */,
			);
			name = "tip-calculator-UnitTest";
			packageProductDependencies = (
				3940FE622A10E29C001C9E97 /* CombineCocoa */,
			);
			productName = "tip-calculator-UnitTest";
			productReference = 3940FE582A10DE9C001C9E97 /* tip-calculator-UnitTest.xctest */;
			productType = "com.apple.product-type.bundle.unit-test";
		};
		396B236029FE5FFD009CD810 /* tip-calculator */ = {
			isa = PBXNativeTarget;
			buildConfigurationList = 396B237529FE5FFE009CD810 /* Build configuration list for PBXNativeTarget "tip-calculator" */;
			buildPhases = (
				396B235D29FE5FFD009CD810 /* Sources */,
				396B235E29FE5FFD009CD810 /* Frameworks */,
				396B235F29FE5FFD009CD810 /* Resources */,
			);
			buildRules = (
			);
			dependencies = (
			);
			name = "tip-calculator";
			packageProductDependencies = (
				39F9F3462A01314E005286C4 /* SnapKit */,
				39C0866D2A10DBDE00119D7D /* CombineCocoa */,
			);
			productName = "tip-calculator";
			productReference = 396B236129FE5FFD009CD810 /* tip-calculator.app */;
			productType = "com.apple.product-type.application";
		};
/* End PBXNativeTarget section */

/* Begin PBXProject section */
		396B235929FE5FFD009CD810 /* Project object */ = {
			isa = PBXProject;
			attributes = {
				BuildIndependentTargetsInParallel = 1;
				LastSwiftUpdateCheck = 1430;
				LastUpgradeCheck = 1430;
				TargetAttributes = {
					3940FE572A10DE9C001C9E97 = {
						CreatedOnToolsVersion = 14.3;
						TestTargetID = 396B236029FE5FFD009CD810;
					};
					396B236029FE5FFD009CD810 = {
						CreatedOnToolsVersion = 14.3;
					};
				};
			};
			buildConfigurationList = 396B235C29FE5FFD009CD810 /* Build configuration list for PBXProject "tip-calculator" */;
			compatibilityVersion = "Xcode 14.0";
			developmentRegion = en;
			hasScannedForEncodings = 0;
			knownRegions = (
				en,
				Base,
			);
			mainGroup = 396B235829FE5FFD009CD810;
			packageReferences = (
				39F9F3452A01314E005286C4 /* XCRemoteSwiftPackageReference "SnapKit" */,
				39C0866C2A10DBDE00119D7D /* XCRemoteSwiftPackageReference "CombineCocoa" */,
			);
			productRefGroup = 396B236229FE5FFD009CD810 /* Products */;
			projectDirPath = "";
			projectRoot = "";
			targets = (
				396B236029FE5FFD009CD810 /* tip-calculator */,
				3940FE572A10DE9C001C9E97 /* tip-calculator-UnitTest */,
			);
		};
/* End PBXProject section */

/* Begin PBXResourcesBuildPhase section */
		3940FE562A10DE9C001C9E97 /* Resources */ = {
			isa = PBXResourcesBuildPhase;
			buildActionMask = 2147483647;
			files = (
			);
			runOnlyForDeploymentPostprocessing = 0;
		};
		396B235F29FE5FFD009CD810 /* Resources */ = {
			isa = PBXResourcesBuildPhase;
			buildActionMask = 2147483647;
			files = (
				393AF10E2A063E0F00F913CF /* result-ui.png in Resources */,
				396B237129FE5FFE009CD810 /* LaunchScreen.storyboard in Resources */,
				396B236E29FE5FFE009CD810 /* Assets.xcassets in Resources */,
				396F9CD82A10CCF400F75FB3 /* click.m4a in Resources */,
			);
			runOnlyForDeploymentPostprocessing = 0;
		};
/* End PBXResourcesBuildPhase section */

/* Begin PBXSourcesBuildPhase section */
		3940FE542A10DE9C001C9E97 /* Sources */ = {
			isa = PBXSourcesBuildPhase;
			buildActionMask = 2147483647;
			files = (
				3940FE5B2A10DE9C001C9E97 /* tip_calculator_UnitTest.swift in Sources */,
			);
			runOnlyForDeploymentPostprocessing = 0;
		};
		396B235D29FE5FFD009CD810 /* Sources */ = {
			isa = PBXSourcesBuildPhase;
			buildActionMask = 2147483647;
			files = (
				393AF0FE2A04E8C100F913CF /* PreviewProviderForUIViewController.swift in Sources */,
				393AF1172A06722400F913CF /* String+Extension.swift in Sources */,
				396B236929FE5FFD009CD810 /* CalculatorVC.swift in Sources */,
				393AF10A2A063D1800F913CF /* CalculatorVM.swift in Sources */,
				39F9F3572A0144FD005286C4 /* AppColor.swift in Sources */,
				396F9CD52A10ABF400F75FB3 /* DefaultAudioPlayer.swift in Sources */,
				393AF1002A04F1B600F913CF /* UIView+Extension.swift in Sources */,
				39F9F34A2A013817005286C4 /* LogoView.swift in Sources */,
				39F9F35A2A01455D005286C4 /* UIColor+Extension.swift in Sources */,
				393AF1042A05239100F913CF /* HeaderView.swift in Sources */,
				39F9F34E2A01383D005286C4 /* BillInputView.swift in Sources */,
				393AF1192A07A0F100F913CF /* UIResponder+Extension.swift in Sources */,
				39F9F34C2A01382D005286C4 /* ResultView.swift in Sources */,
				396B236529FE5FFD009CD810 /* AppDelegate.swift in Sources */,
				39F9F3552A0144B0005286C4 /* AppFont.swift in Sources */,
				393AF1022A04F6E300F913CF /* AmountView.swift in Sources */,
				396B236729FE5FFD009CD810 /* SceneDelegate.swift in Sources */,
				39F9F35D2A0151E1005286C4 /* LabelFactory.swift in Sources */,
				393AF11B2A07B24600F913CF /* Int+Extension.swift in Sources */,
				39F9F3522A013862005286C4 /* SplitInputView.swift in Sources */,
				393AF1072A052F3D00F913CF /* Tip.swift in Sources */,
				393AF11D2A07E5AC00F913CF /* Double+Extension.swift in Sources */,
				39F9F3502A013854005286C4 /* TipInputView.swift in Sources */,
				393AF1102A065EB100F913CF /* ResultTip.swift in Sources */,
				393AF0FC2A04E8AB00F913CF /* PreviewProviderForUIView.swift in Sources */,
			);
			runOnlyForDeploymentPostprocessing = 0;
		};
/* End PBXSourcesBuildPhase section */

/* Begin PBXTargetDependency section */
		3940FE5D2A10DE9C001C9E97 /* PBXTargetDependency */ = {
			isa = PBXTargetDependency;
			target = 396B236029FE5FFD009CD810 /* tip-calculator */;
			targetProxy = 3940FE5C2A10DE9C001C9E97 /* PBXContainerItemProxy */;
		};
/* End PBXTargetDependency section */

/* Begin PBXVariantGroup section */
		396B236F29FE5FFE009CD810 /* LaunchScreen.storyboard */ = {
			isa = PBXVariantGroup;
			children = (
				396B237029FE5FFE009CD810 /* Base */,
			);
			name = LaunchScreen.storyboard;
			sourceTree = "<group>";
		};
/* End PBXVariantGroup section */

/* Begin XCBuildConfiguration section */
		3940FE5F2A10DE9C001C9E97 /* Debug */ = {
			isa = XCBuildConfiguration;
			buildSettings = {
				BUNDLE_LOADER = "$(TEST_HOST)";
				CODE_SIGN_STYLE = Automatic;
				CURRENT_PROJECT_VERSION = 1;
				DEVELOPMENT_TEAM = ZH5GA3W8UP;
				GENERATE_INFOPLIST_FILE = YES;
				MARKETING_VERSION = 1.0;
				PRODUCT_BUNDLE_IDENTIFIER = "dev.heon.tip-calculator-UnitTest";
				PRODUCT_NAME = "$(TARGET_NAME)";
				SUPPORTED_PLATFORMS = "iphoneos iphonesimulator";
				SUPPORTS_MACCATALYST = NO;
				SUPPORTS_MAC_DESIGNED_FOR_IPHONE_IPAD = NO;
				SWIFT_EMIT_LOC_STRINGS = NO;
				SWIFT_VERSION = 5.0;
				TARGETED_DEVICE_FAMILY = "1,2";
				TEST_HOST = "$(BUILT_PRODUCTS_DIR)/tip-calculator.app/$(BUNDLE_EXECUTABLE_FOLDER_PATH)/tip-calculator";
			};
			name = Debug;
		};
		3940FE602A10DE9C001C9E97 /* Release */ = {
			isa = XCBuildConfiguration;
			buildSettings = {
				BUNDLE_LOADER = "$(TEST_HOST)";
				CODE_SIGN_STYLE = Automatic;
				CURRENT_PROJECT_VERSION = 1;
				DEVELOPMENT_TEAM = ZH5GA3W8UP;
				GENERATE_INFOPLIST_FILE = YES;
				MARKETING_VERSION = 1.0;
				PRODUCT_BUNDLE_IDENTIFIER = "dev.heon.tip-calculator-UnitTest";
				PRODUCT_NAME = "$(TARGET_NAME)";
				SUPPORTED_PLATFORMS = "iphoneos iphonesimulator";
				SUPPORTS_MACCATALYST = NO;
				SUPPORTS_MAC_DESIGNED_FOR_IPHONE_IPAD = NO;
				SWIFT_EMIT_LOC_STRINGS = NO;
				SWIFT_VERSION = 5.0;
				TARGETED_DEVICE_FAMILY = "1,2";
				TEST_HOST = "$(BUILT_PRODUCTS_DIR)/tip-calculator.app/$(BUNDLE_EXECUTABLE_FOLDER_PATH)/tip-calculator";
			};
			name = Release;
		};
		396B237329FE5FFE009CD810 /* Debug */ = {
			isa = XCBuildConfiguration;
			buildSettings = {
				ALWAYS_SEARCH_USER_PATHS = NO;
				CLANG_ANALYZER_NONNULL = YES;
				CLANG_ANALYZER_NUMBER_OBJECT_CONVERSION = YES_AGGRESSIVE;
				CLANG_CXX_LANGUAGE_STANDARD = "gnu++20";
				CLANG_ENABLE_MODULES = YES;
				CLANG_ENABLE_OBJC_ARC = YES;
				CLANG_ENABLE_OBJC_WEAK = YES;
				CLANG_WARN_BLOCK_CAPTURE_AUTORELEASING = YES;
				CLANG_WARN_BOOL_CONVERSION = YES;
				CLANG_WARN_COMMA = YES;
				CLANG_WARN_CONSTANT_CONVERSION = YES;
				CLANG_WARN_DEPRECATED_OBJC_IMPLEMENTATIONS = YES;
				CLANG_WARN_DIRECT_OBJC_ISA_USAGE = YES_ERROR;
				CLANG_WARN_DOCUMENTATION_COMMENTS = YES;
				CLANG_WARN_EMPTY_BODY = YES;
				CLANG_WARN_ENUM_CONVERSION = YES;
				CLANG_WARN_INFINITE_RECURSION = YES;
				CLANG_WARN_INT_CONVERSION = YES;
				CLANG_WARN_NON_LITERAL_NULL_CONVERSION = YES;
				CLANG_WARN_OBJC_IMPLICIT_RETAIN_SELF = YES;
				CLANG_WARN_OBJC_LITERAL_CONVERSION = YES;
				CLANG_WARN_OBJC_ROOT_CLASS = YES_ERROR;
				CLANG_WARN_QUOTED_INCLUDE_IN_FRAMEWORK_HEADER = YES;
				CLANG_WARN_RANGE_LOOP_ANALYSIS = YES;
				CLANG_WARN_STRICT_PROTOTYPES = YES;
				CLANG_WARN_SUSPICIOUS_MOVE = YES;
				CLANG_WARN_UNGUARDED_AVAILABILITY = YES_AGGRESSIVE;
				CLANG_WARN_UNREACHABLE_CODE = YES;
				CLANG_WARN__DUPLICATE_METHOD_MATCH = YES;
				COPY_PHASE_STRIP = NO;
				DEBUG_INFORMATION_FORMAT = dwarf;
				ENABLE_STRICT_OBJC_MSGSEND = YES;
				ENABLE_TESTABILITY = YES;
				GCC_C_LANGUAGE_STANDARD = gnu11;
				GCC_DYNAMIC_NO_PIC = NO;
				GCC_NO_COMMON_BLOCKS = YES;
				GCC_OPTIMIZATION_LEVEL = 0;
				GCC_PREPROCESSOR_DEFINITIONS = (
					"DEBUG=1",
					"$(inherited)",
				);
				GCC_WARN_64_TO_32_BIT_CONVERSION = YES;
				GCC_WARN_ABOUT_RETURN_TYPE = YES_ERROR;
				GCC_WARN_UNDECLARED_SELECTOR = YES;
				GCC_WARN_UNINITIALIZED_AUTOS = YES_AGGRESSIVE;
				GCC_WARN_UNUSED_FUNCTION = YES;
				GCC_WARN_UNUSED_VARIABLE = YES;
				IPHONEOS_DEPLOYMENT_TARGET = 16.4;
				MTL_ENABLE_DEBUG_INFO = INCLUDE_SOURCE;
				MTL_FAST_MATH = YES;
				ONLY_ACTIVE_ARCH = YES;
				SDKROOT = iphoneos;
				SWIFT_ACTIVE_COMPILATION_CONDITIONS = DEBUG;
				SWIFT_OPTIMIZATION_LEVEL = "-Onone";
			};
			name = Debug;
		};
		396B237429FE5FFE009CD810 /* Release */ = {
			isa = XCBuildConfiguration;
			buildSettings = {
				ALWAYS_SEARCH_USER_PATHS = NO;
				CLANG_ANALYZER_NONNULL = YES;
				CLANG_ANALYZER_NUMBER_OBJECT_CONVERSION = YES_AGGRESSIVE;
				CLANG_CXX_LANGUAGE_STANDARD = "gnu++20";
				CLANG_ENABLE_MODULES = YES;
				CLANG_ENABLE_OBJC_ARC = YES;
				CLANG_ENABLE_OBJC_WEAK = YES;
				CLANG_WARN_BLOCK_CAPTURE_AUTORELEASING = YES;
				CLANG_WARN_BOOL_CONVERSION = YES;
				CLANG_WARN_COMMA = YES;
				CLANG_WARN_CONSTANT_CONVERSION = YES;
				CLANG_WARN_DEPRECATED_OBJC_IMPLEMENTATIONS = YES;
				CLANG_WARN_DIRECT_OBJC_ISA_USAGE = YES_ERROR;
				CLANG_WARN_DOCUMENTATION_COMMENTS = YES;
				CLANG_WARN_EMPTY_BODY = YES;
				CLANG_WARN_ENUM_CONVERSION = YES;
				CLANG_WARN_INFINITE_RECURSION = YES;
				CLANG_WARN_INT_CONVERSION = YES;
				CLANG_WARN_NON_LITERAL_NULL_CONVERSION = YES;
				CLANG_WARN_OBJC_IMPLICIT_RETAIN_SELF = YES;
				CLANG_WARN_OBJC_LITERAL_CONVERSION = YES;
				CLANG_WARN_OBJC_ROOT_CLASS = YES_ERROR;
				CLANG_WARN_QUOTED_INCLUDE_IN_FRAMEWORK_HEADER = YES;
				CLANG_WARN_RANGE_LOOP_ANALYSIS = YES;
				CLANG_WARN_STRICT_PROTOTYPES = YES;
				CLANG_WARN_SUSPICIOUS_MOVE = YES;
				CLANG_WARN_UNGUARDED_AVAILABILITY = YES_AGGRESSIVE;
				CLANG_WARN_UNREACHABLE_CODE = YES;
				CLANG_WARN__DUPLICATE_METHOD_MATCH = YES;
				COPY_PHASE_STRIP = NO;
				DEBUG_INFORMATION_FORMAT = "dwarf-with-dsym";
				ENABLE_NS_ASSERTIONS = NO;
				ENABLE_STRICT_OBJC_MSGSEND = YES;
				GCC_C_LANGUAGE_STANDARD = gnu11;
				GCC_NO_COMMON_BLOCKS = YES;
				GCC_WARN_64_TO_32_BIT_CONVERSION = YES;
				GCC_WARN_ABOUT_RETURN_TYPE = YES_ERROR;
				GCC_WARN_UNDECLARED_SELECTOR = YES;
				GCC_WARN_UNINITIALIZED_AUTOS = YES_AGGRESSIVE;
				GCC_WARN_UNUSED_FUNCTION = YES;
				GCC_WARN_UNUSED_VARIABLE = YES;
				IPHONEOS_DEPLOYMENT_TARGET = 16.4;
				MTL_ENABLE_DEBUG_INFO = NO;
				MTL_FAST_MATH = YES;
				SDKROOT = iphoneos;
				SWIFT_COMPILATION_MODE = wholemodule;
				SWIFT_OPTIMIZATION_LEVEL = "-O";
				VALIDATE_PRODUCT = YES;
			};
			name = Release;
		};
		396B237629FE5FFE009CD810 /* Debug */ = {
			isa = XCBuildConfiguration;
			buildSettings = {
				ASSETCATALOG_COMPILER_APPICON_NAME = AppIcon;
				ASSETCATALOG_COMPILER_GLOBAL_ACCENT_COLOR_NAME = AccentColor;
				CODE_SIGN_STYLE = Automatic;
				CURRENT_PROJECT_VERSION = 1;
				DEVELOPMENT_TEAM = ZH5GA3W8UP;
				GENERATE_INFOPLIST_FILE = YES;
				INFOPLIST_FILE = "tip-calculator/Info.plist";
				INFOPLIST_KEY_UIApplicationSupportsIndirectInputEvents = YES;
				INFOPLIST_KEY_UILaunchStoryboardName = LaunchScreen;
				INFOPLIST_KEY_UISupportedInterfaceOrientations_iPad = "UIInterfaceOrientationPortrait UIInterfaceOrientationPortraitUpsideDown UIInterfaceOrientationLandscapeLeft UIInterfaceOrientationLandscapeRight";
				INFOPLIST_KEY_UISupportedInterfaceOrientations_iPhone = "UIInterfaceOrientationPortrait UIInterfaceOrientationLandscapeLeft UIInterfaceOrientationLandscapeRight";
				IPHONEOS_DEPLOYMENT_TARGET = 14.0;
				LD_RUNPATH_SEARCH_PATHS = (
					"$(inherited)",
					"@executable_path/Frameworks",
				);
				MARKETING_VERSION = 1.0;
				PRODUCT_BUNDLE_IDENTIFIER = "dev.heon.tip-calculator";
				PRODUCT_NAME = "$(TARGET_NAME)";
				SWIFT_EMIT_LOC_STRINGS = YES;
				SWIFT_VERSION = 5.0;
				TARGETED_DEVICE_FAMILY = "1,2";
			};
			name = Debug;
		};
		396B237729FE5FFE009CD810 /* Release */ = {
			isa = XCBuildConfiguration;
			buildSettings = {
				ASSETCATALOG_COMPILER_APPICON_NAME = AppIcon;
				ASSETCATALOG_COMPILER_GLOBAL_ACCENT_COLOR_NAME = AccentColor;
				CODE_SIGN_STYLE = Automatic;
				CURRENT_PROJECT_VERSION = 1;
				DEVELOPMENT_TEAM = ZH5GA3W8UP;
				GENERATE_INFOPLIST_FILE = YES;
				INFOPLIST_FILE = "tip-calculator/Info.plist";
				INFOPLIST_KEY_UIApplicationSupportsIndirectInputEvents = YES;
				INFOPLIST_KEY_UILaunchStoryboardName = LaunchScreen;
				INFOPLIST_KEY_UISupportedInterfaceOrientations_iPad = "UIInterfaceOrientationPortrait UIInterfaceOrientationPortraitUpsideDown UIInterfaceOrientationLandscapeLeft UIInterfaceOrientationLandscapeRight";
				INFOPLIST_KEY_UISupportedInterfaceOrientations_iPhone = "UIInterfaceOrientationPortrait UIInterfaceOrientationLandscapeLeft UIInterfaceOrientationLandscapeRight";
				IPHONEOS_DEPLOYMENT_TARGET = 14.0;
				LD_RUNPATH_SEARCH_PATHS = (
					"$(inherited)",
					"@executable_path/Frameworks",
				);
				MARKETING_VERSION = 1.0;
				PRODUCT_BUNDLE_IDENTIFIER = "dev.heon.tip-calculator";
				PRODUCT_NAME = "$(TARGET_NAME)";
				SWIFT_EMIT_LOC_STRINGS = YES;
				SWIFT_VERSION = 5.0;
				TARGETED_DEVICE_FAMILY = "1,2";
			};
			name = Release;
		};
/* End XCBuildConfiguration section */

/* Begin XCConfigurationList section */
		3940FE5E2A10DE9C001C9E97 /* Build configuration list for PBXNativeTarget "tip-calculator-UnitTest" */ = {
			isa = XCConfigurationList;
			buildConfigurations = (
				3940FE5F2A10DE9C001C9E97 /* Debug */,
				3940FE602A10DE9C001C9E97 /* Release */,
			);
			defaultConfigurationIsVisible = 0;
			defaultConfigurationName = Release;
		};
		396B235C29FE5FFD009CD810 /* Build configuration list for PBXProject "tip-calculator" */ = {
			isa = XCConfigurationList;
			buildConfigurations = (
				396B237329FE5FFE009CD810 /* Debug */,
				396B237429FE5FFE009CD810 /* Release */,
			);
			defaultConfigurationIsVisible = 0;
			defaultConfigurationName = Release;
		};
		396B237529FE5FFE009CD810 /* Build configuration list for PBXNativeTarget "tip-calculator" */ = {
			isa = XCConfigurationList;
			buildConfigurations = (
				396B237629FE5FFE009CD810 /* Debug */,
				396B237729FE5FFE009CD810 /* Release */,
			);
			defaultConfigurationIsVisible = 0;
			defaultConfigurationName = Release;
		};
/* End XCConfigurationList section */

/* Begin XCRemoteSwiftPackageReference section */
		39C0866C2A10DBDE00119D7D /* XCRemoteSwiftPackageReference "CombineCocoa" */ = {
			isa = XCRemoteSwiftPackageReference;
			repositoryURL = "https://github.com/CombineCommunity/CombineCocoa";
			requirement = {
				kind = upToNextMinorVersion;
				minimumVersion = 0.4.1;
			};
		};
		39F9F3452A01314E005286C4 /* XCRemoteSwiftPackageReference "SnapKit" */ = {
			isa = XCRemoteSwiftPackageReference;
			repositoryURL = "https://github.com/SnapKit/SnapKit.git";
			requirement = {
				kind = upToNextMinorVersion;
				minimumVersion = 5.6.0;
			};
		};
/* End XCRemoteSwiftPackageReference section */

/* Begin XCSwiftPackageProductDependency section */
		3940FE622A10E29C001C9E97 /* CombineCocoa */ = {
			isa = XCSwiftPackageProductDependency;
			package = 39C0866C2A10DBDE00119D7D /* XCRemoteSwiftPackageReference "CombineCocoa" */;
			productName = CombineCocoa;
		};
		39C0866D2A10DBDE00119D7D /* CombineCocoa */ = {
			isa = XCSwiftPackageProductDependency;
			package = 39C0866C2A10DBDE00119D7D /* XCRemoteSwiftPackageReference "CombineCocoa" */;
			productName = CombineCocoa;
		};
		39F9F3462A01314E005286C4 /* SnapKit */ = {
			isa = XCSwiftPackageProductDependency;
			package = 39F9F3452A01314E005286C4 /* XCRemoteSwiftPackageReference "SnapKit" */;
			productName = SnapKit;
		};
/* End XCSwiftPackageProductDependency section */
	};
	rootObject = 396B235929FE5FFD009CD810 /* Project object */;
}
